// !$*UTF8*$!
{
	archiveVersion = 1;
	classes = {
	};
	objectVersion = 46;
	objects = {

/* Begin PBXBuildFile section */
		6804BB2E1D137CEA00119620 /* AppDelegate.swift in Sources */ = {isa = PBXBuildFile; fileRef = 6804BB2D1D137CEA00119620 /* AppDelegate.swift */; };
		6804BB301D137CEA00119620 /* ViewController.swift in Sources */ = {isa = PBXBuildFile; fileRef = 6804BB2F1D137CEA00119620 /* ViewController.swift */; };
		6804BB331D137CEA00119620 /* Main.storyboard in Resources */ = {isa = PBXBuildFile; fileRef = 6804BB311D137CEA00119620 /* Main.storyboard */; };
		6804BB351D137CEA00119620 /* Assets.xcassets in Resources */ = {isa = PBXBuildFile; fileRef = 6804BB341D137CEA00119620 /* Assets.xcassets */; };
		6804BB381D137CEA00119620 /* LaunchScreen.storyboard in Resources */ = {isa = PBXBuildFile; fileRef = 6804BB361D137CEA00119620 /* LaunchScreen.storyboard */; };
		6804BB411D141BD500119620 /* Language.strings in Resources */ = {isa = PBXBuildFile; fileRef = 6804BB431D141BD500119620 /* Language.strings */; };
/* End PBXBuildFile section */

/* Begin PBXFileReference section */
		6804BB2A1D137CEA00119620 /* ssss.app */ = {isa = PBXFileReference; explicitFileType = wrapper.application; includeInIndex = 0; path = ssss.app; sourceTree = BUILT_PRODUCTS_DIR; };
		6804BB2D1D137CEA00119620 /* AppDelegate.swift */ = {isa = PBXFileReference; lastKnownFileType = sourcecode.swift; path = AppDelegate.swift; sourceTree = "<group>"; };
		6804BB2F1D137CEA00119620 /* ViewController.swift */ = {isa = PBXFileReference; lastKnownFileType = sourcecode.swift; path = ViewController.swift; sourceTree = "<group>"; };
		6804BB321D137CEA00119620 /* Base */ = {isa = PBXFileReference; lastKnownFileType = file.storyboard; name = Base; path = Base.lproj/Main.storyboard; sourceTree = "<group>"; };
		6804BB341D137CEA00119620 /* Assets.xcassets */ = {isa = PBXFileReference; lastKnownFileType = folder.assetcatalog; path = Assets.xcassets; sourceTree = "<group>"; };
		6804BB371D137CEA00119620 /* Base */ = {isa = PBXFileReference; lastKnownFileType = file.storyboard; name = Base; path = Base.lproj/LaunchScreen.storyboard; sourceTree = "<group>"; };
		6804BB391D137CEA00119620 /* Info.plist */ = {isa = PBXFileReference; lastKnownFileType = text.plist.xml; path = Info.plist; sourceTree = "<group>"; };
		6804BB421D141BD500119620 /* Base */ = {isa = PBXFileReference; lastKnownFileType = text.plist.strings; name = Base; path = Base.lproj/Language.strings; sourceTree = "<group>"; };
		6804BB441D141BE100119620 /* en */ = {isa = PBXFileReference; lastKnownFileType = text.plist.strings; name = en; path = en.lproj/Language.strings; sourceTree = "<group>"; };
		6804BB451D141C7D00119620 /* ja */ = {isa = PBXFileReference; lastKnownFileType = text.plist.strings; name = ja; path = ja.lproj/Language.strings; sourceTree = "<group>"; };
/* End PBXFileReference section */

/* Begin PBXFrameworksBuildPhase section */
		6804BB271D137CEA00119620 /* Frameworks */ = {
			isa = PBXFrameworksBuildPhase;
			buildActionMask = 2147483647;
			files = (
			);
			runOnlyForDeploymentPostprocessing = 0;
		};
/* End PBXFrameworksBuildPhase section */

/* Begin PBXGroup section */
		6804BB211D137CEA00119620 = {
			isa = PBXGroup;
			children = (
				6804BB2C1D137CEA00119620 /* ssss */,
				6804BB2B1D137CEA00119620 /* Products */,
			);
			sourceTree = "<group>";
		};
		6804BB2B1D137CEA00119620 /* Products */ = {
			isa = PBXGroup;
			children = (
				6804BB2A1D137CEA00119620 /* ssss.app */,
			);
			name = Products;
			sourceTree = "<group>";
		};
		6804BB2C1D137CEA00119620 /* ssss */ = {
			isa = PBXGroup;
			children = (
				6804BB2D1D137CEA00119620 /* AppDelegate.swift */,
				6804BB2F1D137CEA00119620 /* ViewController.swift */,
				6804BB311D137CEA00119620 /* Main.storyboard */,
				6804BB431D141BD500119620 /* Language.strings */,
				6804BB341D137CEA00119620 /* Assets.xcassets */,
				6804BB361D137CEA00119620 /* LaunchScreen.storyboard */,
				6804BB391D137CEA00119620 /* Info.plist */,
			);
			path = ssss;
			sourceTree = "<group>";
		};
/* End PBXGroup section */

/* Begin PBXNativeTarget section */
		6804BB291D137CEA00119620 /* ssss */ = {
			isa = PBXNativeTarget;
			buildConfigurationList = 6804BB3C1D137CEA00119620 /* Build configuration list for PBXNativeTarget "ssss" */;
			buildPhases = (
				6804BB261D137CEA00119620 /* Sources */,
				6804BB271D137CEA00119620 /* Frameworks */,
				6804BB281D137CEA00119620 /* Resources */,
			);
			buildRules = (
			);
			dependencies = (
			);
			name = ssss;
			productName = ssss;
			productReference = 6804BB2A1D137CEA00119620 /* ssss.app */;
			productType = "com.apple.product-type.application";
		};
/* End PBXNativeTarget section */

/* Begin PBXProject section */
		6804BB221D137CEA00119620 /* Project object */ = {
			isa = PBXProject;
			attributes = {
				LastSwiftUpdateCheck = 0730;
				LastUpgradeCheck = 0730;
				ORGANIZATIONNAME = Boxue;
				TargetAttributes = {
					6804BB291D137CEA00119620 = {
						CreatedOnToolsVersion = 7.3.1;
					};
				};
			};
			buildConfigurationList = 6804BB251D137CEA00119620 /* Build configuration list for PBXProject "ssss" */;
			compatibilityVersion = "Xcode 3.2";
			developmentRegion = English;
			hasScannedForEncodings = 0;
			knownRegions = (
				en,
				Base,
				ja,
			);
			mainGroup = 6804BB211D137CEA00119620;
			productRefGroup = 6804BB2B1D137CEA00119620 /* Products */;
			projectDirPath = "";
			projectRoot = "";
			targets = (
				6804BB291D137CEA00119620 /* ssss */,
			);
		};
/* End PBXProject section */

/* Begin PBXResourcesBuildPhase section */
		6804BB281D137CEA00119620 /* Resources */ = {
			isa = PBXResourcesBuildPhase;
			buildActionMask = 2147483647;
			files = (
				6804BB411D141BD500119620 /* Language.strings in Resources */,
				6804BB381D137CEA00119620 /* LaunchScreen.storyboard in Resources */,
				6804BB351D137CEA00119620 /* Assets.xcassets in Resources */,
				6804BB331D137CEA00119620 /* Main.storyboard in Resources */,
			);
			runOnlyForDeploymentPostprocessing = 0;
		};
/* End PBXResourcesBuildPhase section */

/* Begin PBXSourcesBuildPhase section */
		6804BB261D137CEA00119620 /* Sources */ = {
			isa = PBXSourcesBuildPhase;
			buildActionMask = 2147483647;
			files = (
				6804BB301D137CEA00119620 /* ViewController.swift in Sources */,
				6804BB2E1D137CEA00119620 /* AppDelegate.swift in Sources */,
			);
			runOnlyForDeploymentPostprocessing = 0;
		};
/* End PBXSourcesBuildPhase section */

/* Begin PBXVariantGroup section */
		6804BB311D137CEA00119620 /* Main.storyboard */ = {
			isa = PBXVariantGroup;
			children = (
				6804BB321D137CEA00119620 /* Base */,
			);
			name = Main.storyboard;
			sourceTree = "<group>";
		};
		6804BB361D137CEA00119620 /* LaunchScreen.storyboard */ = {
			isa = PBXVariantGroup;
			children = (
				6804BB371D137CEA00119620 /* Base */,
			);
			name = LaunchScreen.storyboard;
			sourceTree = "<group>";
		};
		6804BB431D141BD500119620 /* Language.strings */ = {
			isa = PBXVariantGroup;
			children = (
				6804BB421D141BD500119620 /* Base */,
				6804BB441D141BE100119620 /* en */,
				6804BB451D141C7D00119620 /* ja */,
			);
			name = Language.strings;
			sourceTree = "<group>";
		};
/* End PBXVariantGroup section */

/* Begin XCBuildConfiguration section */
		6804BB3A1D137CEA00119620 /* Debug */ = {
			isa = XCBuildConfiguration;
			buildSettings = {
				ALWAYS_SEARCH_USER_PATHS = NO;
				CLANG_ANALYZER_NONNULL = YES;
				CLANG_CXX_LANGUAGE_STANDARD = "gnu++0x";
				CLANG_CXX_LIBRARY = "libc++";
				CLANG_ENABLE_MODULES = YES;
				CLANG_ENABLE_OBJC_ARC = YES;
				CLANG_WARN_BOOL_CONVERSION = YES;
				CLANG_WARN_CONSTANT_CONVERSION = YES;
				CLANG_WARN_DIRECT_OBJC_ISA_USAGE = YES_ERROR;
				CLANG_WARN_EMPTY_BODY = YES;
				CLANG_WARN_ENUM_CONVERSION = YES;
				CLANG_WARN_INT_CONVERSION = YES;
				CLANG_WARN_OBJC_ROOT_CLASS = YES_ERROR;
				CLANG_WARN_UNREACHABLE_CODE = YES;
				CLANG_WARN__DUPLICATE_METHOD_MATCH = YES;
				"CODE_SIGN_IDENTITY[sdk=iphoneos*]" = "iPhone Developer";
				COPY_PHASE_STRIP = NO;
				DEBUG_INFORMATION_FORMAT = dwarf;
				ENABLE_STRICT_OBJC_MSGSEND = YES;
				ENABLE_TESTABILITY = YES;
				GCC_C_LANGUAGE_STANDARD = gnu99;
				GCC_DYNAMIC_NO_PIC = NO;
				GCC_NO_COMMON_BLOCKS = YES;
				GCC_OPTIMIZATION_LEVEL = 0;
				GCC_PREPROCESSOR_DEFINITIONS = (
					"DEBUG=1",
					"$(inherited)",
				);
				GCC_WARN_64_TO_32_BIT_CONVERSION = YES;
				GCC_WARN_ABOUT_RETURN_TYPE = YES_ERROR;
				GCC_WARN_UNDECLARED_SELECTOR = YES;
				GCC_WARN_UNINITIALIZED_AUTOS = YES_AGGRESSIVE;
				GCC_WARN_UNUSED_FUNCTION = YES;
				GCC_WARN_UNUSED_VARIABLE = YES;
				IPHONEOS_DEPLOYMENT_TARGET = 9.3;
				MTL_ENABLE_DEBUG_INFO = YES;
				ONLY_ACTIVE_ARCH = YES;
				SDKROOT = iphoneos;
				SWIFT_OPTIMIZATION_LEVEL = "-Onone";
			};
			name = Debug;
		};
		6804BB3B1D137CEA00119620 /* Release */ = {
			isa = XCBuildConfiguration;
			buildSettings = {
				ALWAYS_SEARCH_USER_PATHS = NO;
				CLANG_ANALYZER_NONNULL = YES;
				CLANG_CXX_LANGUAGE_STANDARD = "gnu++0x";
				CLANG_CXX_LIBRARY = "libc++";
				CLANG_ENABLE_MODULES = YES;
				CLANG_ENABLE_OBJC_ARC = YES;
				CLANG_WARN_BOOL_CONVERSION = YES;
				CLANG_WARN_CONSTANT_CONVERSION = YES;
				CLANG_WARN_DIRECT_OBJC_ISA_USAGE = YES_ERROR;
				CLANG_WARN_EMPTY_BODY = YES;
				CLANG_WARN_ENUM_CONVERSION = YES;
				CLANG_WARN_INT_CONVERSION = YES;
				CLANG_WARN_OBJC_ROOT_CLASS = YES_ERROR;
				CLANG_WARN_UNREACHABLE_CODE = YES;
				CLANG_WARN__DUPLICATE_METHOD_MATCH = YES;
				"CODE_SIGN_IDENTITY[sdk=iphoneos*]" = "iPhone Developer";
				COPY_PHASE_STRIP = NO;
				DEBUG_INFORMATION_FORMAT = "dwarf-with-dsym";
				ENABLE_NS_ASSERTIONS = NO;
				ENABLE_STRICT_OBJC_MSGSEND = YES;
				GCC_C_LANGUAGE_STANDARD = gnu99;
				GCC_NO_COMMON_BLOCKS = YES;
				GCC_WARN_64_TO_32_BIT_CONVERSION = YES;
				GCC_WARN_ABOUT_RETURN_TYPE = YES_ERROR;
				GCC_WARN_UNDECLARED_SELECTOR = YES;
				GCC_WARN_UNINITIALIZED_AUTOS = YES_AGGRESSIVE;
				GCC_WARN_UNUSED_FUNCTION = YES;
				GCC_WARN_UNUSED_VARIABLE = YES;
				IPHONEOS_DEPLOYMENT_TARGET = 9.3;
				MTL_ENABLE_DEBUG_INFO = NO;
				SDKROOT = iphoneos;
				VALIDATE_PRODUCT = YES;
			};
			name = Release;
		};
		6804BB3D1D137CEA00119620 /* Debug */ = {
			isa = XCBuildConfiguration;
			buildSettings = {
				ASSETCATALOG_COMPILER_APPICON_NAME = AppIcon;
				INFOPLIST_FILE = ssss/Info.plist;
				LD_RUNPATH_SEARCH_PATHS = "$(inherited) @executable_path/Frameworks";
				PRODUCT_BUNDLE_IDENTIFIER = bx.ssss;
				PRODUCT_NAME = "$(TARGET_NAME)";
			};
			name = Debug;
		};
		6804BB3E1D137CEA00119620 /* Release */ = {
			isa = XCBuildConfiguration;
			buildSettings = {
				ASSETCATALOG_COMPILER_APPICON_NAME = AppIcon;
				INFOPLIST_FILE = ssss/Info.plist;
				LD_RUNPATH_SEARCH_PATHS = "$(inherited) @executable_path/Frameworks";
				PRODUCT_BUNDLE_IDENTIFIER = bx.ssss;
				PRODUCT_NAME = "$(TARGET_NAME)";
			};
			name = Release;
		};
/* End XCBuildConfiguration section */

/* Begin XCConfigurationList section */
		6804BB251D137CEA00119620 /* Build configuration list for PBXProject "ssss" */ = {
			isa = XCConfigurationList;
			buildConfigurations = (
				6804BB3A1D137CEA00119620 /* Debug */,
				6804BB3B1D137CEA00119620 /* Release */,
			);
			defaultConfigurationIsVisible = 0;
			defaultConfigurationName = Release;
		};
		6804BB3C1D137CEA00119620 /* Build configuration list for PBXNativeTarget "ssss" */ = {
			isa = XCConfigurationList;
			buildConfigurations = (
				6804BB3D1D137CEA00119620 /* Debug */,
				6804BB3E1D137CEA00119620 /* Release */,
			);
			defaultConfigurationIsVisible = 0;
		};
/* End XCConfigurationList section */
	};
	rootObject = 6804BB221D137CEA00119620 /* Project object */;
}
